
Microsoft Visual Studio Solution File, Format Version 12.00
# Visual Studio Version 17
VisualStudioVersion = 17.3.32804.467
MinimumVisualStudioVersion = 10.0.40219.1
Project("{FAE04EC0-301F-11D3-BF4B-00C04F79EFBC}") = "Etckets", "Etckets.csproj", "{EC9484FB-1276-4F4D-BACC-96921668631A}"
EndProject
Global
	GlobalSection(SolutionConfigurationPlatforms) = preSolution
		Debug|Any CPU = Debug|Any CPU
		Release|Any CPU = Release|Any CPU
	EndGlobalSection
	GlobalSection(ProjectConfigurationPlatforms) = postSolution
		{EC9484FB-1276-4F4D-BACC-96921668631A}.Debug|Any CPU.ActiveCfg = Debug|Any CPU
		{EC9484FB-1276-4F4D-BACC-96921668631A}.Debug|Any CPU.Build.0 = Debug|Any CPU
		{EC9484FB-1276-4F4D-BACC-96921668631A}.Release|Any CPU.ActiveCfg = Release|Any CPU
		{EC9484FB-1276-4F4D-BACC-96921668631A}.Release|Any CPU.Build.0 = Release|Any CPU
	EndGlobalSection
	GlobalSection(SolutionProperties) = preSolution
		HideSolutionNode = FALSE
	EndGlobalSection
	GlobalSection(ExtensibilityGlobals) = postSolution
		SolutionGuid = {6A18DDB1-2DE1-463F-A488-4A6C878B80C2}
	EndGlobalSection
EndGlobal
